// !$*UTF8*$!
{
	archiveVersion = 1;
	classes = {
	};
	objectVersion = 46;
	objects = {

/* Begin PBXBuildFile section */
		2C1FCB571880502F00D0B37A /* Foundation.framework in Frameworks */ = {isa = PBXBuildFile; fileRef = 2C1FCB561880502F00D0B37A /* Foundation.framework */; };
		2C1FCB591880502F00D0B37A /* CoreGraphics.framework in Frameworks */ = {isa = PBXBuildFile; fileRef = 2C1FCB581880502F00D0B37A /* CoreGraphics.framework */; };
		2C1FCB5B1880502F00D0B37A /* UIKit.framework in Frameworks */ = {isa = PBXBuildFile; fileRef = 2C1FCB5A1880502F00D0B37A /* UIKit.framework */; };
		2C1FCB611880502F00D0B37A /* InfoPlist.strings in Resources */ = {isa = PBXBuildFile; fileRef = 2C1FCB5F1880502F00D0B37A /* InfoPlist.strings */; };
		2C1FCB631880502F00D0B37A /* main.m in Sources */ = {isa = PBXBuildFile; fileRef = 2C1FCB621880502F00D0B37A /* main.m */; };
		2C1FCB671880502F00D0B37A /* AppDelegate.m in Sources */ = {isa = PBXBuildFile; fileRef = 2C1FCB661880502F00D0B37A /* AppDelegate.m */; };
		2C1FCB6A1880502F00D0B37A /* Main.storyboard in Resources */ = {isa = PBXBuildFile; fileRef = 2C1FCB681880502F00D0B37A /* Main.storyboard */; };
		2C1FCB6D1880502F00D0B37A /* ViewController.m in Sources */ = {isa = PBXBuildFile; fileRef = 2C1FCB6C1880502F00D0B37A /* ViewController.m */; };
		2C1FCB6F1880502F00D0B37A /* Images.xcassets in Resources */ = {isa = PBXBuildFile; fileRef = 2C1FCB6E1880502F00D0B37A /* Images.xcassets */; };
		2C1FCB761880502F00D0B37A /* XCTest.framework in Frameworks */ = {isa = PBXBuildFile; fileRef = 2C1FCB751880502F00D0B37A /* XCTest.framework */; };
		2C1FCB771880502F00D0B37A /* Foundation.framework in Frameworks */ = {isa = PBXBuildFile; fileRef = 2C1FCB561880502F00D0B37A /* Foundation.framework */; };
		2C1FCB781880502F00D0B37A /* UIKit.framework in Frameworks */ = {isa = PBXBuildFile; fileRef = 2C1FCB5A1880502F00D0B37A /* UIKit.framework */; };
		2C1FCB801880502F00D0B37A /* InfoPlist.strings in Resources */ = {isa = PBXBuildFile; fileRef = 2C1FCB7E1880502F00D0B37A /* InfoPlist.strings */; };
		2C1FCB821880502F00D0B37A /* MytasterTests.m in Sources */ = {isa = PBXBuildFile; fileRef = 2C1FCB811880502F00D0B37A /* MytasterTests.m */; };
		2C1FCB911880593400D0B37A /* MT_TopBarView.m in Sources */ = {isa = PBXBuildFile; fileRef = 2C1FCB901880593400D0B37A /* MT_TopBarView.m */; };
		2C1FCBA118806B8400D0B37A /* MT_MainView.m in Sources */ = {isa = PBXBuildFile; fileRef = 2C1FCBA018806B8400D0B37A /* MT_MainView.m */; };
		2C1FCBA418806FF600D0B37A /* MT_ElementView.m in Sources */ = {isa = PBXBuildFile; fileRef = 2C1FCBA318806FF600D0B37A /* MT_ElementView.m */; };
		2C1FCBB11880BF1A00D0B37A /* MT_SuggestionMainView.m in Sources */ = {isa = PBXBuildFile; fileRef = 2C1FCBB01880BF1A00D0B37A /* MT_SuggestionMainView.m */; };
		2C25E6F21881EF1B0082EBFD /* action.png in Resources */ = {isa = PBXBuildFile; fileRef = 2C25E6F01881EF1B0082EBFD /* action.png */; };
		2C25E6F31881EF1B0082EBFD /* logo.png in Resources */ = {isa = PBXBuildFile; fileRef = 2C25E6F11881EF1B0082EBFD /* logo.png */; };
		2C25E6FB1881EF920082EBFD /* makalong.jpeg in Resources */ = {isa = PBXBuildFile; fileRef = 2C25E6F41881EF920082EBFD /* makalong.jpeg */; };
		2C25E6FC1881EF920082EBFD /* Message.png in Resources */ = {isa = PBXBuildFile; fileRef = 2C25E6F51881EF920082EBFD /* Message.png */; };
		2C25E6FD1881EF920082EBFD /* Setting.png in Resources */ = {isa = PBXBuildFile; fileRef = 2C25E6F61881EF920082EBFD /* Setting.png */; };
		2C25E6FE1881EF920082EBFD /* square.jpeg in Resources */ = {isa = PBXBuildFile; fileRef = 2C25E6F71881EF920082EBFD /* square.jpeg */; };
		2C25E6FF1881EF920082EBFD /* Store.png in Resources */ = {isa = PBXBuildFile; fileRef = 2C25E6F81881EF920082EBFD /* Store.png */; };
		2C25E7001881EF920082EBFD /* user.png in Resources */ = {isa = PBXBuildFile; fileRef = 2C25E6F91881EF920082EBFD /* user.png */; };
		2C25E7011881EF920082EBFD /* Voucher.png in Resources */ = {isa = PBXBuildFile; fileRef = 2C25E6FA1881EF920082EBFD /* Voucher.png */; };
		85023A0F1881FBCC00669BF3 /* SmallMessage.png in Resources */ = {isa = PBXBuildFile; fileRef = 85023A0B1881FBCC00669BF3 /* SmallMessage.png */; };
		85023A101881FBCC00669BF3 /* SmallStore.png in Resources */ = {isa = PBXBuildFile; fileRef = 85023A0C1881FBCC00669BF3 /* SmallStore.png */; };
		85023A111881FBCC00669BF3 /* SmallUser.png in Resources */ = {isa = PBXBuildFile; fileRef = 85023A0D1881FBCC00669BF3 /* SmallUser.png */; };
		85023A121881FBCC00669BF3 /* SmallVoucher.png in Resources */ = {isa = PBXBuildFile; fileRef = 85023A0E1881FBCC00669BF3 /* SmallVoucher.png */; };
		85023A141881FC9A00669BF3 /* FourChoices.storyboard in Resources */ = {isa = PBXBuildFile; fileRef = 85023A131881FC9A00669BF3 /* FourChoices.storyboard */; };
		85023A631882D6A300669BF3 /* MT_SegmentControlViewController.m in Sources */ = {isa = PBXBuildFile; fileRef = 85023A621882D6A300669BF3 /* MT_SegmentControlViewController.m */; };
		85023A661882E80200669BF3 /* MT_ChoicesTabBarController.m in Sources */ = {isa = PBXBuildFile; fileRef = 85023A651882E80200669BF3 /* MT_ChoicesTabBarController.m */; };
		85023A6A1883112100669BF3 /* MT_VoucherViewController.m in Sources */ = {isa = PBXBuildFile; fileRef = 85023A691883112100669BF3 /* MT_VoucherViewController.m */; };
		85023A6E1883114900669BF3 /* MT_VoucherView.m in Sources */ = {isa = PBXBuildFile; fileRef = 85023A6D1883114900669BF3 /* MT_VoucherView.m */; };
		85023A731883384500669BF3 /* MT_VoucherTableCell.m in Sources */ = {isa = PBXBuildFile; fileRef = 85023A721883384500669BF3 /* MT_VoucherTableCell.m */; };
		85023A791883618700669BF3 /* BlueVoucherPoint.png in Resources */ = {isa = PBXBuildFile; fileRef = 85023A781883618700669BF3 /* BlueVoucherPoint.png */; };
		85023A7D1884516300669BF3 /* MT_StoreViewController.m in Sources */ = {isa = PBXBuildFile; fileRef = 85023A7C1884516300669BF3 /* MT_StoreViewController.m */; };
		85023A80188456B500669BF3 /* MT_StoreVoucherCell.m in Sources */ = {isa = PBXBuildFile; fileRef = 85023A7F188456B500669BF3 /* MT_StoreVoucherCell.m */; };
/* End PBXBuildFile section */

/* Begin PBXContainerItemProxy section */
		2C1FCB791880502F00D0B37A /* PBXContainerItemProxy */ = {
			isa = PBXContainerItemProxy;
			containerPortal = 2C1FCB4B1880502E00D0B37A /* Project object */;
			proxyType = 1;
			remoteGlobalIDString = 2C1FCB521880502F00D0B37A;
			remoteInfo = Mytaster;
		};
/* End PBXContainerItemProxy section */

/* Begin PBXFileReference section */
		2C1FCB531880502F00D0B37A /* Mytaster.app */ = {isa = PBXFileReference; explicitFileType = wrapper.application; includeInIndex = 0; path = Mytaster.app; sourceTree = BUILT_PRODUCTS_DIR; };
		2C1FCB561880502F00D0B37A /* Foundation.framework */ = {isa = PBXFileReference; lastKnownFileType = wrapper.framework; name = Foundation.framework; path = System/Library/Frameworks/Foundation.framework; sourceTree = SDKROOT; };
		2C1FCB581880502F00D0B37A /* CoreGraphics.framework */ = {isa = PBXFileReference; lastKnownFileType = wrapper.framework; name = CoreGraphics.framework; path = System/Library/Frameworks/CoreGraphics.framework; sourceTree = SDKROOT; };
		2C1FCB5A1880502F00D0B37A /* UIKit.framework */ = {isa = PBXFileReference; lastKnownFileType = wrapper.framework; name = UIKit.framework; path = System/Library/Frameworks/UIKit.framework; sourceTree = SDKROOT; };
		2C1FCB5E1880502F00D0B37A /* Mytaster-Info.plist */ = {isa = PBXFileReference; lastKnownFileType = text.plist.xml; path = "Mytaster-Info.plist"; sourceTree = "<group>"; };
		2C1FCB601880502F00D0B37A /* en */ = {isa = PBXFileReference; lastKnownFileType = text.plist.strings; name = en; path = en.lproj/InfoPlist.strings; sourceTree = "<group>"; };
		2C1FCB621880502F00D0B37A /* main.m */ = {isa = PBXFileReference; lastKnownFileType = sourcecode.c.objc; path = main.m; sourceTree = "<group>"; };
		2C1FCB641880502F00D0B37A /* Mytaster-Prefix.pch */ = {isa = PBXFileReference; lastKnownFileType = sourcecode.c.h; path = "Mytaster-Prefix.pch"; sourceTree = "<group>"; };
		2C1FCB651880502F00D0B37A /* AppDelegate.h */ = {isa = PBXFileReference; lastKnownFileType = sourcecode.c.h; path = AppDelegate.h; sourceTree = "<group>"; };
		2C1FCB661880502F00D0B37A /* AppDelegate.m */ = {isa = PBXFileReference; lastKnownFileType = sourcecode.c.objc; path = AppDelegate.m; sourceTree = "<group>"; };
		2C1FCB691880502F00D0B37A /* Base */ = {isa = PBXFileReference; lastKnownFileType = file.storyboard; name = Base; path = Base.lproj/Main.storyboard; sourceTree = "<group>"; };
		2C1FCB6B1880502F00D0B37A /* ViewController.h */ = {isa = PBXFileReference; lastKnownFileType = sourcecode.c.h; path = ViewController.h; sourceTree = "<group>"; };
		2C1FCB6C1880502F00D0B37A /* ViewController.m */ = {isa = PBXFileReference; lastKnownFileType = sourcecode.c.objc; path = ViewController.m; sourceTree = "<group>"; };
		2C1FCB6E1880502F00D0B37A /* Images.xcassets */ = {isa = PBXFileReference; lastKnownFileType = folder.assetcatalog; path = Images.xcassets; sourceTree = "<group>"; };
		2C1FCB741880502F00D0B37A /* MytasterTests.xctest */ = {isa = PBXFileReference; explicitFileType = wrapper.cfbundle; includeInIndex = 0; path = MytasterTests.xctest; sourceTree = BUILT_PRODUCTS_DIR; };
		2C1FCB751880502F00D0B37A /* XCTest.framework */ = {isa = PBXFileReference; lastKnownFileType = wrapper.framework; name = XCTest.framework; path = Library/Frameworks/XCTest.framework; sourceTree = DEVELOPER_DIR; };
		2C1FCB7D1880502F00D0B37A /* MytasterTests-Info.plist */ = {isa = PBXFileReference; lastKnownFileType = text.plist.xml; path = "MytasterTests-Info.plist"; sourceTree = "<group>"; };
		2C1FCB7F1880502F00D0B37A /* en */ = {isa = PBXFileReference; lastKnownFileType = text.plist.strings; name = en; path = en.lproj/InfoPlist.strings; sourceTree = "<group>"; };
		2C1FCB811880502F00D0B37A /* MytasterTests.m */ = {isa = PBXFileReference; lastKnownFileType = sourcecode.c.objc; path = MytasterTests.m; sourceTree = "<group>"; };
		2C1FCB8F1880593400D0B37A /* MT_TopBarView.h */ = {isa = PBXFileReference; fileEncoding = 4; lastKnownFileType = sourcecode.c.h; path = MT_TopBarView.h; sourceTree = "<group>"; };
		2C1FCB901880593400D0B37A /* MT_TopBarView.m */ = {isa = PBXFileReference; fileEncoding = 4; lastKnownFileType = sourcecode.c.objc; path = MT_TopBarView.m; sourceTree = "<group>"; };
		2C1FCB9F18806B8400D0B37A /* MT_MainView.h */ = {isa = PBXFileReference; fileEncoding = 4; lastKnownFileType = sourcecode.c.h; path = MT_MainView.h; sourceTree = "<group>"; };
		2C1FCBA018806B8400D0B37A /* MT_MainView.m */ = {isa = PBXFileReference; fileEncoding = 4; lastKnownFileType = sourcecode.c.objc; path = MT_MainView.m; sourceTree = "<group>"; };
		2C1FCBA218806FF500D0B37A /* MT_ElementView.h */ = {isa = PBXFileReference; fileEncoding = 4; lastKnownFileType = sourcecode.c.h; path = MT_ElementView.h; sourceTree = "<group>"; };
		2C1FCBA318806FF600D0B37A /* MT_ElementView.m */ = {isa = PBXFileReference; fileEncoding = 4; lastKnownFileType = sourcecode.c.objc; path = MT_ElementView.m; sourceTree = "<group>"; };
		2C1FCBAF1880BF1A00D0B37A /* MT_SuggestionMainView.h */ = {isa = PBXFileReference; fileEncoding = 4; lastKnownFileType = sourcecode.c.h; path = MT_SuggestionMainView.h; sourceTree = "<group>"; };
		2C1FCBB01880BF1A00D0B37A /* MT_SuggestionMainView.m */ = {isa = PBXFileReference; fileEncoding = 4; lastKnownFileType = sourcecode.c.objc; path = MT_SuggestionMainView.m; sourceTree = "<group>"; };
		2C25E6F01881EF1B0082EBFD /* action.png */ = {isa = PBXFileReference; lastKnownFileType = image.png; name = action.png; path = ../action.png; sourceTree = "<group>"; };
		2C25E6F11881EF1B0082EBFD /* logo.png */ = {isa = PBXFileReference; lastKnownFileType = image.png; name = logo.png; path = ../logo.png; sourceTree = "<group>"; };
		2C25E6F41881EF920082EBFD /* makalong.jpeg */ = {isa = PBXFileReference; lastKnownFileType = image.jpeg; name = makalong.jpeg; path = ../makalong.jpeg; sourceTree = "<group>"; };
		2C25E6F51881EF920082EBFD /* Message.png */ = {isa = PBXFileReference; lastKnownFileType = image.png; name = Message.png; path = ../Message.png; sourceTree = "<group>"; };
		2C25E6F61881EF920082EBFD /* Setting.png */ = {isa = PBXFileReference; lastKnownFileType = image.png; name = Setting.png; path = ../Setting.png; sourceTree = "<group>"; };
		2C25E6F71881EF920082EBFD /* square.jpeg */ = {isa = PBXFileReference; lastKnownFileType = image.jpeg; name = square.jpeg; path = ../square.jpeg; sourceTree = "<group>"; };
		2C25E6F81881EF920082EBFD /* Store.png */ = {isa = PBXFileReference; lastKnownFileType = image.png; name = Store.png; path = ../Store.png; sourceTree = "<group>"; };
		2C25E6F91881EF920082EBFD /* user.png */ = {isa = PBXFileReference; lastKnownFileType = image.png; name = user.png; path = ../user.png; sourceTree = "<group>"; };
		2C25E6FA1881EF920082EBFD /* Voucher.png */ = {isa = PBXFileReference; lastKnownFileType = image.png; name = Voucher.png; path = ../Voucher.png; sourceTree = "<group>"; };
		85023A0B1881FBCC00669BF3 /* SmallMessage.png */ = {isa = PBXFileReference; lastKnownFileType = image.png; path = SmallMessage.png; sourceTree = "<group>"; };
		85023A0C1881FBCC00669BF3 /* SmallStore.png */ = {isa = PBXFileReference; lastKnownFileType = image.png; path = SmallStore.png; sourceTree = "<group>"; };
		85023A0D1881FBCC00669BF3 /* SmallUser.png */ = {isa = PBXFileReference; lastKnownFileType = image.png; path = SmallUser.png; sourceTree = "<group>"; };
		85023A0E1881FBCC00669BF3 /* SmallVoucher.png */ = {isa = PBXFileReference; lastKnownFileType = image.png; path = SmallVoucher.png; sourceTree = "<group>"; };
		85023A131881FC9A00669BF3 /* FourChoices.storyboard */ = {isa = PBXFileReference; fileEncoding = 4; lastKnownFileType = file.storyboard; path = FourChoices.storyboard; sourceTree = "<group>"; };
		85023A611882D6A300669BF3 /* MT_SegmentControlViewController.h */ = {isa = PBXFileReference; fileEncoding = 4; lastKnownFileType = sourcecode.c.h; path = MT_SegmentControlViewController.h; sourceTree = "<group>"; };
		85023A621882D6A300669BF3 /* MT_SegmentControlViewController.m */ = {isa = PBXFileReference; fileEncoding = 4; lastKnownFileType = sourcecode.c.objc; path = MT_SegmentControlViewController.m; sourceTree = "<group>"; };
		85023A641882E80200669BF3 /* MT_ChoicesTabBarController.h */ = {isa = PBXFileReference; fileEncoding = 4; lastKnownFileType = sourcecode.c.h; path = MT_ChoicesTabBarController.h; sourceTree = "<group>"; };
		85023A651882E80200669BF3 /* MT_ChoicesTabBarController.m */ = {isa = PBXFileReference; fileEncoding = 4; lastKnownFileType = sourcecode.c.objc; path = MT_ChoicesTabBarController.m; sourceTree = "<group>"; };
		85023A681883112100669BF3 /* MT_VoucherViewController.h */ = {isa = PBXFileReference; fileEncoding = 4; lastKnownFileType = sourcecode.c.h; path = MT_VoucherViewController.h; sourceTree = "<group>"; };
		85023A691883112100669BF3 /* MT_VoucherViewController.m */ = {isa = PBXFileReference; fileEncoding = 4; lastKnownFileType = sourcecode.c.objc; path = MT_VoucherViewController.m; sourceTree = "<group>"; };
		85023A6C1883114900669BF3 /* MT_VoucherView.h */ = {isa = PBXFileReference; fileEncoding = 4; lastKnownFileType = sourcecode.c.h; path = MT_VoucherView.h; sourceTree = "<group>"; };
		85023A6D1883114900669BF3 /* MT_VoucherView.m */ = {isa = PBXFileReference; fileEncoding = 4; lastKnownFileType = sourcecode.c.objc; path = MT_VoucherView.m; sourceTree = "<group>"; };
		85023A711883384500669BF3 /* MT_VoucherTableCell.h */ = {isa = PBXFileReference; fileEncoding = 4; lastKnownFileType = sourcecode.c.h; path = MT_VoucherTableCell.h; sourceTree = "<group>"; };
		85023A721883384500669BF3 /* MT_VoucherTableCell.m */ = {isa = PBXFileReference; fileEncoding = 4; lastKnownFileType = sourcecode.c.objc; path = MT_VoucherTableCell.m; sourceTree = "<group>"; };
		85023A781883618700669BF3 /* BlueVoucherPoint.png */ = {isa = PBXFileReference; lastKnownFileType = image.png; path = BlueVoucherPoint.png; sourceTree = "<group>"; };
		85023A7B1884516300669BF3 /* MT_StoreViewController.h */ = {isa = PBXFileReference; fileEncoding = 4; lastKnownFileType = sourcecode.c.h; path = MT_StoreViewController.h; sourceTree = "<group>"; };
		85023A7C1884516300669BF3 /* MT_StoreViewController.m */ = {isa = PBXFileReference; fileEncoding = 4; lastKnownFileType = sourcecode.c.objc; path = MT_StoreViewController.m; sourceTree = "<group>"; };
		85023A7E188456B500669BF3 /* MT_StoreVoucherCell.h */ = {isa = PBXFileReference; fileEncoding = 4; lastKnownFileType = sourcecode.c.h; path = MT_StoreVoucherCell.h; sourceTree = "<group>"; };
		85023A7F188456B500669BF3 /* MT_StoreVoucherCell.m */ = {isa = PBXFileReference; fileEncoding = 4; lastKnownFileType = sourcecode.c.objc; path = MT_StoreVoucherCell.m; sourceTree = "<group>"; };
/* End PBXFileReference section */

/* Begin PBXFrameworksBuildPhase section */
		2C1FCB501880502F00D0B37A /* Frameworks */ = {
			isa = PBXFrameworksBuildPhase;
			buildActionMask = 2147483647;
			files = (
				2C1FCB591880502F00D0B37A /* CoreGraphics.framework in Frameworks */,
				2C1FCB5B1880502F00D0B37A /* UIKit.framework in Frameworks */,
				2C1FCB571880502F00D0B37A /* Foundation.framework in Frameworks */,
			);
			runOnlyForDeploymentPostprocessing = 0;
		};
		2C1FCB711880502F00D0B37A /* Frameworks */ = {
			isa = PBXFrameworksBuildPhase;
			buildActionMask = 2147483647;
			files = (
				2C1FCB761880502F00D0B37A /* XCTest.framework in Frameworks */,
				2C1FCB781880502F00D0B37A /* UIKit.framework in Frameworks */,
				2C1FCB771880502F00D0B37A /* Foundation.framework in Frameworks */,
			);
			runOnlyForDeploymentPostprocessing = 0;
		};
/* End PBXFrameworksBuildPhase section */

/* Begin PBXGroup section */
		2C1FCB4A1880502E00D0B37A = {
			isa = PBXGroup;
			children = (
				2C1FCB5C1880502F00D0B37A /* Mytaster */,
				2C1FCB7B1880502F00D0B37A /* MytasterTests */,
				2C1FCB551880502F00D0B37A /* Frameworks */,
				2C1FCB541880502F00D0B37A /* Products */,
			);
			sourceTree = "<group>";
		};
		2C1FCB541880502F00D0B37A /* Products */ = {
			isa = PBXGroup;
			children = (
				2C1FCB531880502F00D0B37A /* Mytaster.app */,
				2C1FCB741880502F00D0B37A /* MytasterTests.xctest */,
			);
			name = Products;
			sourceTree = "<group>";
		};
		2C1FCB551880502F00D0B37A /* Frameworks */ = {
			isa = PBXGroup;
			children = (
				2C1FCB561880502F00D0B37A /* Foundation.framework */,
				2C1FCB581880502F00D0B37A /* CoreGraphics.framework */,
				2C1FCB5A1880502F00D0B37A /* UIKit.framework */,
				2C1FCB751880502F00D0B37A /* XCTest.framework */,
			);
			name = Frameworks;
			sourceTree = "<group>";
		};
		2C1FCB5C1880502F00D0B37A /* Mytaster */ = {
			isa = PBXGroup;
			children = (
				85023A131881FC9A00669BF3 /* FourChoices.storyboard */,
				2C1FCB9218805C5300D0B37A /* Controller */,
				2C1FCB8E1880590D00D0B37A /* Views */,
				2C1FCB651880502F00D0B37A /* AppDelegate.h */,
				2C1FCB661880502F00D0B37A /* AppDelegate.m */,
				2C1FCB681880502F00D0B37A /* Main.storyboard */,
				2C1FCB6E1880502F00D0B37A /* Images.xcassets */,
				2C1FCB5D1880502F00D0B37A /* Supporting Files */,
			);
			path = Mytaster;
			sourceTree = "<group>";
		};
		2C1FCB5D1880502F00D0B37A /* Supporting Files */ = {
			isa = PBXGroup;
			children = (
				2C25E7021881EF9F0082EBFD /* images */,
				2C1FCB5E1880502F00D0B37A /* Mytaster-Info.plist */,
				2C1FCB5F1880502F00D0B37A /* InfoPlist.strings */,
				2C1FCB621880502F00D0B37A /* main.m */,
				2C1FCB641880502F00D0B37A /* Mytaster-Prefix.pch */,
			);
			name = "Supporting Files";
			sourceTree = "<group>";
		};
		2C1FCB7B1880502F00D0B37A /* MytasterTests */ = {
			isa = PBXGroup;
			children = (
				2C1FCB811880502F00D0B37A /* MytasterTests.m */,
				2C1FCB7C1880502F00D0B37A /* Supporting Files */,
			);
			path = MytasterTests;
			sourceTree = "<group>";
		};
		2C1FCB7C1880502F00D0B37A /* Supporting Files */ = {
			isa = PBXGroup;
			children = (
				2C1FCB7D1880502F00D0B37A /* MytasterTests-Info.plist */,
				2C1FCB7E1880502F00D0B37A /* InfoPlist.strings */,
			);
			name = "Supporting Files";
			sourceTree = "<group>";
		};
		2C1FCB8E1880590D00D0B37A /* Views */ = {
			isa = PBXGroup;
			children = (
				85023A5E1882D36100669BF3 /* FourChoices_section */,
				2C1FCBAD1880BDE200D0B37A /* Main_section */,
				2C1FCBAE1880BE0000D0B37A /* Suggestion_section */,
			);
			name = Views;
			sourceTree = "<group>";
		};
		2C1FCB9218805C5300D0B37A /* Controller */ = {
			isa = PBXGroup;
			children = (
				85023A601882D5F400669BF3 /* FourChoices */,
				2C1FCB6B1880502F00D0B37A /* ViewController.h */,
				2C1FCB6C1880502F00D0B37A /* ViewController.m */,
			);
			name = Controller;
			sourceTree = "<group>";
		};
		2C1FCBAD1880BDE200D0B37A /* Main_section */ = {
			isa = PBXGroup;
			children = (
				2C1FCB8F1880593400D0B37A /* MT_TopBarView.h */,
				2C1FCB901880593400D0B37A /* MT_TopBarView.m */,
				2C1FCB9F18806B8400D0B37A /* MT_MainView.h */,
				2C1FCBA018806B8400D0B37A /* MT_MainView.m */,
				2C1FCBA218806FF500D0B37A /* MT_ElementView.h */,
				2C1FCBA318806FF600D0B37A /* MT_ElementView.m */,
			);
			name = Main_section;
			sourceTree = "<group>";
		};
		2C1FCBAE1880BE0000D0B37A /* Suggestion_section */ = {
			isa = PBXGroup;
			children = (
				2C1FCBAF1880BF1A00D0B37A /* MT_SuggestionMainView.h */,
				2C1FCBB01880BF1A00D0B37A /* MT_SuggestionMainView.m */,
			);
			name = Suggestion_section;
			sourceTree = "<group>";
		};
		2C25E7021881EF9F0082EBFD /* images */ = {
			isa = PBXGroup;
			children = (
				85023A7418835A9300669BF3 /* FourChoices */,
				2C25E6F01881EF1B0082EBFD /* action.png */,
				2C25E6F11881EF1B0082EBFD /* logo.png */,
				2C25E6F41881EF920082EBFD /* makalong.jpeg */,
				2C25E6F51881EF920082EBFD /* Message.png */,
				2C25E6F61881EF920082EBFD /* Setting.png */,
				2C25E6F71881EF920082EBFD /* square.jpeg */,
				2C25E6F81881EF920082EBFD /* Store.png */,
				2C25E6F91881EF920082EBFD /* user.png */,
				2C25E6FA1881EF920082EBFD /* Voucher.png */,
			);
			name = images;
			sourceTree = "<group>";
		};
		85023A021881FA8E00669BF3 /* FourChoicesBarImages */ = {
			isa = PBXGroup;
			children = (
				85023A0B1881FBCC00669BF3 /* SmallMessage.png */,
				85023A0C1881FBCC00669BF3 /* SmallStore.png */,
				85023A0D1881FBCC00669BF3 /* SmallUser.png */,
				85023A0E1881FBCC00669BF3 /* SmallVoucher.png */,
			);
			name = FourChoicesBarImages;
			sourceTree = "<group>";
		};
		85023A5E1882D36100669BF3 /* FourChoices_section */ = {
			isa = PBXGroup;
			children = (
				85023A6B1883112D00669BF3 /* Voucher */,
			);
			name = FourChoices_section;
			sourceTree = "<group>";
		};
		85023A601882D5F400669BF3 /* FourChoices */ = {
			isa = PBXGroup;
			children = (
				85023A7A1884514400669BF3 /* Store */,
				85023A67188310EC00669BF3 /* Voucher */,
				85023A611882D6A300669BF3 /* MT_SegmentControlViewController.h */,
				85023A621882D6A300669BF3 /* MT_SegmentControlViewController.m */,
				85023A641882E80200669BF3 /* MT_ChoicesTabBarController.h */,
				85023A651882E80200669BF3 /* MT_ChoicesTabBarController.m */,
			);
			name = FourChoices;
			sourceTree = "<group>";
		};
		85023A67188310EC00669BF3 /* Voucher */ = {
			isa = PBXGroup;
			children = (
				85023A681883112100669BF3 /* MT_VoucherViewController.h */,
				85023A691883112100669BF3 /* MT_VoucherViewController.m */,
				85023A711883384500669BF3 /* MT_VoucherTableCell.h */,
				85023A721883384500669BF3 /* MT_VoucherTableCell.m */,
			);
			name = Voucher;
			sourceTree = "<group>";
		};
		85023A6B1883112D00669BF3 /* Voucher */ = {
			isa = PBXGroup;
			children = (
				85023A6C1883114900669BF3 /* MT_VoucherView.h */,
				85023A6D1883114900669BF3 /* MT_VoucherView.m */,
			);
			name = Voucher;
			sourceTree = "<group>";
		};
		85023A7418835A9300669BF3 /* FourChoices */ = {
			isa = PBXGroup;
			children = (
				85023A7518835A9F00669BF3 /* Voucher */,
				85023A021881FA8E00669BF3 /* FourChoicesBarImages */,
			);
			name = FourChoices;
			sourceTree = "<group>";
		};
		85023A7518835A9F00669BF3 /* Voucher */ = {
			isa = PBXGroup;
			children = (
				85023A781883618700669BF3 /* BlueVoucherPoint.png */,
			);
			name = Voucher;
			sourceTree = "<group>";
		};
		85023A7A1884514400669BF3 /* Store */ = {
			isa = PBXGroup;
			children = (
				85023A7B1884516300669BF3 /* MT_StoreViewController.h */,
				85023A7C1884516300669BF3 /* MT_StoreViewController.m */,
				85023A7E188456B500669BF3 /* MT_StoreVoucherCell.h */,
				85023A7F188456B500669BF3 /* MT_StoreVoucherCell.m */,
			);
			name = Store;
			sourceTree = "<group>";
		};
/* End PBXGroup section */

/* Begin PBXNativeTarget section */
		2C1FCB521880502F00D0B37A /* Mytaster */ = {
			isa = PBXNativeTarget;
			buildConfigurationList = 2C1FCB851880502F00D0B37A /* Build configuration list for PBXNativeTarget "Mytaster" */;
			buildPhases = (
				2C1FCB4F1880502F00D0B37A /* Sources */,
				2C1FCB501880502F00D0B37A /* Frameworks */,
				2C1FCB511880502F00D0B37A /* Resources */,
			);
			buildRules = (
			);
			dependencies = (
			);
			name = Mytaster;
			productName = Mytaster;
			productReference = 2C1FCB531880502F00D0B37A /* Mytaster.app */;
			productType = "com.apple.product-type.application";
		};
		2C1FCB731880502F00D0B37A /* MytasterTests */ = {
			isa = PBXNativeTarget;
			buildConfigurationList = 2C1FCB881880502F00D0B37A /* Build configuration list for PBXNativeTarget "MytasterTests" */;
			buildPhases = (
				2C1FCB701880502F00D0B37A /* Sources */,
				2C1FCB711880502F00D0B37A /* Frameworks */,
				2C1FCB721880502F00D0B37A /* Resources */,
			);
			buildRules = (
			);
			dependencies = (
				2C1FCB7A1880502F00D0B37A /* PBXTargetDependency */,
			);
			name = MytasterTests;
			productName = MytasterTests;
			productReference = 2C1FCB741880502F00D0B37A /* MytasterTests.xctest */;
			productType = "com.apple.product-type.bundle.unit-test";
		};
/* End PBXNativeTarget section */

/* Begin PBXProject section */
		2C1FCB4B1880502E00D0B37A /* Project object */ = {
			isa = PBXProject;
			attributes = {
				LastUpgradeCheck = 0500;
				ORGANIZATIONNAME = "Paella Intelligence";
				TargetAttributes = {
					2C1FCB731880502F00D0B37A = {
						TestTargetID = 2C1FCB521880502F00D0B37A;
					};
				};
			};
			buildConfigurationList = 2C1FCB4E1880502E00D0B37A /* Build configuration list for PBXProject "Mytaster" */;
			compatibilityVersion = "Xcode 3.2";
			developmentRegion = English;
			hasScannedForEncodings = 0;
			knownRegions = (
				en,
				Base,
			);
			mainGroup = 2C1FCB4A1880502E00D0B37A;
			productRefGroup = 2C1FCB541880502F00D0B37A /* Products */;
			projectDirPath = "";
			projectRoot = "";
			targets = (
				2C1FCB521880502F00D0B37A /* Mytaster */,
				2C1FCB731880502F00D0B37A /* MytasterTests */,
			);
		};
/* End PBXProject section */

/* Begin PBXResourcesBuildPhase section */
		2C1FCB511880502F00D0B37A /* Resources */ = {
			isa = PBXResourcesBuildPhase;
			buildActionMask = 2147483647;
			files = (
				2C1FCB6F1880502F00D0B37A /* Images.xcassets in Resources */,
				2C25E6F31881EF1B0082EBFD /* logo.png in Resources */,
				2C1FCB611880502F00D0B37A /* InfoPlist.strings in Resources */,
				2C25E7001881EF920082EBFD /* user.png in Resources */,
				85023A791883618700669BF3 /* BlueVoucherPoint.png in Resources */,
				2C25E6FB1881EF920082EBFD /* makalong.jpeg in Resources */,
				2C25E6FD1881EF920082EBFD /* Setting.png in Resources */,
				85023A141881FC9A00669BF3 /* FourChoices.storyboard in Resources */,
				2C25E6FE1881EF920082EBFD /* square.jpeg in Resources */,
				85023A101881FBCC00669BF3 /* SmallStore.png in Resources */,
				85023A121881FBCC00669BF3 /* SmallVoucher.png in Resources */,
				2C1FCB6A1880502F00D0B37A /* Main.storyboard in Resources */,
				2C25E6FC1881EF920082EBFD /* Message.png in Resources */,
				2C25E6F21881EF1B0082EBFD /* action.png in Resources */,
				2C25E7011881EF920082EBFD /* Voucher.png in Resources */,
				85023A0F1881FBCC00669BF3 /* SmallMessage.png in Resources */,
				2C25E6FF1881EF920082EBFD /* Store.png in Resources */,
				85023A111881FBCC00669BF3 /* SmallUser.png in Resources */,
			);
			runOnlyForDeploymentPostprocessing = 0;
		};
		2C1FCB721880502F00D0B37A /* Resources */ = {
			isa = PBXResourcesBuildPhase;
			buildActionMask = 2147483647;
			files = (
				2C1FCB801880502F00D0B37A /* InfoPlist.strings in Resources */,
			);
			runOnlyForDeploymentPostprocessing = 0;
		};
/* End PBXResourcesBuildPhase section */

/* Begin PBXSourcesBuildPhase section */
		2C1FCB4F1880502F00D0B37A /* Sources */ = {
			isa = PBXSourcesBuildPhase;
			buildActionMask = 2147483647;
			files = (
				2C1FCBA418806FF600D0B37A /* MT_ElementView.m in Sources */,
				2C1FCB6D1880502F00D0B37A /* ViewController.m in Sources */,
				2C1FCB911880593400D0B37A /* MT_TopBarView.m in Sources */,
				2C1FCB671880502F00D0B37A /* AppDelegate.m in Sources */,
				2C1FCBB11880BF1A00D0B37A /* MT_SuggestionMainView.m in Sources */,
				85023A80188456B500669BF3 /* MT_StoreVoucherCell.m in Sources */,
				85023A631882D6A300669BF3 /* MT_SegmentControlViewController.m in Sources */,
				2C1FCB631880502F00D0B37A /* main.m in Sources */,
				85023A661882E80200669BF3 /* MT_ChoicesTabBarController.m in Sources */,
				85023A731883384500669BF3 /* MT_VoucherTableCell.m in Sources */,
				2C1FCBA118806B8400D0B37A /* MT_MainView.m in Sources */,
				85023A7D1884516300669BF3 /* MT_StoreViewController.m in Sources */,
				85023A6A1883112100669BF3 /* MT_VoucherViewController.m in Sources */,
				85023A6E1883114900669BF3 /* MT_VoucherView.m in Sources */,
			);
			runOnlyForDeploymentPostprocessing = 0;
		};
		2C1FCB701880502F00D0B37A /* Sources */ = {
			isa = PBXSourcesBuildPhase;
			buildActionMask = 2147483647;
			files = (
				2C1FCB821880502F00D0B37A /* MytasterTests.m in Sources */,
			);
			runOnlyForDeploymentPostprocessing = 0;
		};
/* End PBXSourcesBuildPhase section */

/* Begin PBXTargetDependency section */
		2C1FCB7A1880502F00D0B37A /* PBXTargetDependency */ = {
			isa = PBXTargetDependency;
			target = 2C1FCB521880502F00D0B37A /* Mytaster */;
			targetProxy = 2C1FCB791880502F00D0B37A /* PBXContainerItemProxy */;
		};
/* End PBXTargetDependency section */

/* Begin PBXVariantGroup section */
		2C1FCB5F1880502F00D0B37A /* InfoPlist.strings */ = {
			isa = PBXVariantGroup;
			children = (
				2C1FCB601880502F00D0B37A /* en */,
			);
			name = InfoPlist.strings;
			sourceTree = "<group>";
		};
		2C1FCB681880502F00D0B37A /* Main.storyboard */ = {
			isa = PBXVariantGroup;
			children = (
				2C1FCB691880502F00D0B37A /* Base */,
			);
			name = Main.storyboard;
			sourceTree = "<group>";
		};
		2C1FCB7E1880502F00D0B37A /* InfoPlist.strings */ = {
			isa = PBXVariantGroup;
			children = (
				2C1FCB7F1880502F00D0B37A /* en */,
			);
			name = InfoPlist.strings;
			sourceTree = "<group>";
		};
/* End PBXVariantGroup section */

/* Begin XCBuildConfiguration section */
		2C1FCB831880502F00D0B37A /* Debug */ = {
			isa = XCBuildConfiguration;
			buildSettings = {
				ALWAYS_SEARCH_USER_PATHS = NO;
				ARCHS = "$(ARCHS_STANDARD_INCLUDING_64_BIT)";
				CLANG_CXX_LANGUAGE_STANDARD = "gnu++0x";
				CLANG_CXX_LIBRARY = "libc++";
				CLANG_ENABLE_MODULES = YES;
				CLANG_ENABLE_OBJC_ARC = YES;
				CLANG_WARN_BOOL_CONVERSION = YES;
				CLANG_WARN_CONSTANT_CONVERSION = YES;
				CLANG_WARN_DIRECT_OBJC_ISA_USAGE = YES_ERROR;
				CLANG_WARN_EMPTY_BODY = YES;
				CLANG_WARN_ENUM_CONVERSION = YES;
				CLANG_WARN_INT_CONVERSION = YES;
				CLANG_WARN_OBJC_ROOT_CLASS = YES_ERROR;
				CLANG_WARN__DUPLICATE_METHOD_MATCH = YES;
				"CODE_SIGN_IDENTITY[sdk=iphoneos*]" = "iPhone Developer";
				COPY_PHASE_STRIP = NO;
				GCC_C_LANGUAGE_STANDARD = gnu99;
				GCC_DYNAMIC_NO_PIC = NO;
				GCC_OPTIMIZATION_LEVEL = 0;
				GCC_PREPROCESSOR_DEFINITIONS = (
					"DEBUG=1",
					"$(inherited)",
				);
				GCC_SYMBOLS_PRIVATE_EXTERN = NO;
				GCC_WARN_64_TO_32_BIT_CONVERSION = YES;
				GCC_WARN_ABOUT_RETURN_TYPE = YES_ERROR;
				GCC_WARN_UNDECLARED_SELECTOR = YES;
				GCC_WARN_UNINITIALIZED_AUTOS = YES;
				GCC_WARN_UNUSED_FUNCTION = YES;
				GCC_WARN_UNUSED_VARIABLE = YES;
				IPHONEOS_DEPLOYMENT_TARGET = 7.0;
				ONLY_ACTIVE_ARCH = YES;
				SDKROOT = iphoneos;
			};
			name = Debug;
		};
		2C1FCB841880502F00D0B37A /* Release */ = {
			isa = XCBuildConfiguration;
			buildSettings = {
				ALWAYS_SEARCH_USER_PATHS = NO;
				ARCHS = "$(ARCHS_STANDARD_INCLUDING_64_BIT)";
				CLANG_CXX_LANGUAGE_STANDARD = "gnu++0x";
				CLANG_CXX_LIBRARY = "libc++";
				CLANG_ENABLE_MODULES = YES;
				CLANG_ENABLE_OBJC_ARC = YES;
				CLANG_WARN_BOOL_CONVERSION = YES;
				CLANG_WARN_CONSTANT_CONVERSION = YES;
				CLANG_WARN_DIRECT_OBJC_ISA_USAGE = YES_ERROR;
				CLANG_WARN_EMPTY_BODY = YES;
				CLANG_WARN_ENUM_CONVERSION = YES;
				CLANG_WARN_INT_CONVERSION = YES;
				CLANG_WARN_OBJC_ROOT_CLASS = YES_ERROR;
				CLANG_WARN__DUPLICATE_METHOD_MATCH = YES;
				"CODE_SIGN_IDENTITY[sdk=iphoneos*]" = "iPhone Developer";
				COPY_PHASE_STRIP = YES;
				ENABLE_NS_ASSERTIONS = NO;
				GCC_C_LANGUAGE_STANDARD = gnu99;
				GCC_WARN_64_TO_32_BIT_CONVERSION = YES;
				GCC_WARN_ABOUT_RETURN_TYPE = YES_ERROR;
				GCC_WARN_UNDECLARED_SELECTOR = YES;
				GCC_WARN_UNINITIALIZED_AUTOS = YES;
				GCC_WARN_UNUSED_FUNCTION = YES;
				GCC_WARN_UNUSED_VARIABLE = YES;
				IPHONEOS_DEPLOYMENT_TARGET = 7.0;
				SDKROOT = iphoneos;
				VALIDATE_PRODUCT = YES;
			};
			name = Release;
		};
		2C1FCB861880502F00D0B37A /* Debug */ = {
			isa = XCBuildConfiguration;
			buildSettings = {
				ASSETCATALOG_COMPILER_APPICON_NAME = AppIcon;
				ASSETCATALOG_COMPILER_LAUNCHIMAGE_NAME = LaunchImage;
				GCC_PRECOMPILE_PREFIX_HEADER = YES;
				GCC_PREFIX_HEADER = "Mytaster/Mytaster-Prefix.pch";
				INFOPLIST_FILE = "Mytaster/Mytaster-Info.plist";
				PRODUCT_NAME = "$(TARGET_NAME)";
				WRAPPER_EXTENSION = app;
			};
			name = Debug;
		};
		2C1FCB871880502F00D0B37A /* Release */ = {
			isa = XCBuildConfiguration;
			buildSettings = {
				ASSETCATALOG_COMPILER_APPICON_NAME = AppIcon;
				ASSETCATALOG_COMPILER_LAUNCHIMAGE_NAME = LaunchImage;
				GCC_PRECOMPILE_PREFIX_HEADER = YES;
				GCC_PREFIX_HEADER = "Mytaster/Mytaster-Prefix.pch";
				INFOPLIST_FILE = "Mytaster/Mytaster-Info.plist";
				PRODUCT_NAME = "$(TARGET_NAME)";
				WRAPPER_EXTENSION = app;
			};
			name = Release;
		};
		2C1FCB891880502F00D0B37A /* Debug */ = {
			isa = XCBuildConfiguration;
			buildSettings = {
				ARCHS = "$(ARCHS_STANDARD_INCLUDING_64_BIT)";
				BUNDLE_LOADER = "$(BUILT_PRODUCTS_DIR)/Mytaster.app/Mytaster";
				FRAMEWORK_SEARCH_PATHS = (
					"$(SDKROOT)/Developer/Library/Frameworks",
					"$(inherited)",
					"$(DEVELOPER_FRAMEWORKS_DIR)",
				);
				GCC_PRECOMPILE_PREFIX_HEADER = YES;
				GCC_PREFIX_HEADER = "Mytaster/Mytaster-Prefix.pch";
				GCC_PREPROCESSOR_DEFINITIONS = (
					"DEBUG=1",
					"$(inherited)",
				);
				INFOPLIST_FILE = "MytasterTests/MytasterTests-Info.plist";
				PRODUCT_NAME = "$(TARGET_NAME)";
				TEST_HOST = "$(BUNDLE_LOADER)";
				WRAPPER_EXTENSION = xctest;
			};
			name = Debug;
		};
		2C1FCB8A1880502F00D0B37A /* Release */ = {
			isa = XCBuildConfiguration;
			buildSettings = {
				ARCHS = "$(ARCHS_STANDARD_INCLUDING_64_BIT)";
				BUNDLE_LOADER = "$(BUILT_PRODUCTS_DIR)/Mytaster.app/Mytaster";
				FRAMEWORK_SEARCH_PATHS = (
					"$(SDKROOT)/Developer/Library/Frameworks",
					"$(inherited)",
					"$(DEVELOPER_FRAMEWORKS_DIR)",
				);
				GCC_PRECOMPILE_PREFIX_HEADER = YES;
				GCC_PREFIX_HEADER = "Mytaster/Mytaster-Prefix.pch";
				INFOPLIST_FILE = "MytasterTests/MytasterTests-Info.plist";
				PRODUCT_NAME = "$(TARGET_NAME)";
				TEST_HOST = "$(BUNDLE_LOADER)";
				WRAPPER_EXTENSION = xctest;
			};
			name = Release;
		};
/* End XCBuildConfiguration section */

/* Begin XCConfigurationList section */
		2C1FCB4E1880502E00D0B37A /* Build configuration list for PBXProject "Mytaster" */ = {
			isa = XCConfigurationList;
			buildConfigurations = (
				2C1FCB831880502F00D0B37A /* Debug */,
				2C1FCB841880502F00D0B37A /* Release */,
			);
			defaultConfigurationIsVisible = 0;
			defaultConfigurationName = Release;
		};
		2C1FCB851880502F00D0B37A /* Build configuration list for PBXNativeTarget "Mytaster" */ = {
			isa = XCConfigurationList;
			buildConfigurations = (
				2C1FCB861880502F00D0B37A /* Debug */,
				2C1FCB871880502F00D0B37A /* Release */,
			);
			defaultConfigurationIsVisible = 0;
			defaultConfigurationName = Release;
		};
		2C1FCB881880502F00D0B37A /* Build configuration list for PBXNativeTarget "MytasterTests" */ = {
			isa = XCConfigurationList;
			buildConfigurations = (
				2C1FCB891880502F00D0B37A /* Debug */,
				2C1FCB8A1880502F00D0B37A /* Release */,
			);
			defaultConfigurationIsVisible = 0;
			defaultConfigurationName = Release;
		};
/* End XCConfigurationList section */
	};
	rootObject = 2C1FCB4B1880502E00D0B37A /* Project object */;
}
